PODS:
  - better_player (0.0.1):
    - Flutter
    - KTVHTTPCache (~> 2.0.0)
  - CocoaAsyncSocket (7.6.5)
  - Flutter (1.0.0)
  - flutter_ffmpeg (0.4.2):
    - Flutter
    - flutter_ffmpeg/https (= 0.4.2)
  - flutter_ffmpeg/https (0.4.2):
    - Flutter
    - mobile-ffmpeg-https (= 4.4)
  - flutter_libtdjson (0.2.0)
  - flutter_sim_country_code (0.0.1):
    - Flutter
  - fluttertoast (0.0.2):
    - Flutter
    - Toast
  - Google-Mobile-Ads-SDK (8.5.0):
    - GoogleAppMeasurement (< 9.0, >= 7.0)
    - GoogleUserMessagingPlatform (>= 1.1)
  - google_mobile_ads (0.0.1):
    - Flutter
    - Google-Mobile-Ads-SDK (= 8.5.0)
  - GoogleAppMeasurement (8.5.0):
    - GoogleAppMeasurement/AdIdSupport (= 8.5.0)
    - GoogleUtilities/AppDelegateSwizzler (~> 7.4)
    - GoogleUtilities/MethodSwizzler (~> 7.4)
    - GoogleUtilities/Network (~> 7.4)
    - "GoogleUtilities/NSData+zlib (~> 7.4)"
    - nanopb (~> 2.30908.0)
  - GoogleAppMeasurement/AdIdSupport (8.5.0):
    - GoogleUtilities/AppDelegateSwizzler (~> 7.4)
    - GoogleUtilities/MethodSwizzler (~> 7.4)
    - GoogleUtilities/Network (~> 7.4)
    - "GoogleUtilities/NSData+zlib (~> 7.4)"
    - nanopb (~> 2.30908.0)
  - GoogleUserMessagingPlatform (2.0.0)
  - GoogleUtilities/AppDelegateSwizzler (7.5.0):
    - GoogleUtilities/Environment
    - GoogleUtilities/Logger
    - GoogleUtilities/Network
  - GoogleUtilities/Environment (7.5.0):
    - PromisesObjC (< 3.0, >= 1.2)
  - GoogleUtilities/Logger (7.5.0):
    - GoogleUtilities/Environment
  - GoogleUtilities/MethodSwizzler (7.5.0):
    - GoogleUtilities/Logger
  - GoogleUtilities/Network (7.5.0):
    - GoogleUtilities/Logger
    - "GoogleUtilities/NSData+zlib"
    - GoogleUtilities/Reachability
  - "GoogleUtilities/NSData+zlib (7.5.0)"
  - GoogleUtilities/Reachability (7.5.0):
    - GoogleUtilities/Logger
  - KTVCocoaHTTPServer (1.0.0):
    - CocoaAsyncSocket
  - KTVHTTPCache (2.0.1):
    - KTVCocoaHTTPServer
  - libtdjson (0.0.1):
    - Flutter
    - flutter_libtdjson
  - libwebp (1.2.0):
    - libwebp/demux (= 1.2.0)
    - libwebp/mux (= 1.2.0)
    - libwebp/webp (= 1.2.0)
  - libwebp/demux (1.2.0):
    - libwebp/webp
  - libwebp/mux (1.2.0):
    - libwebp/demux
  - libwebp/webp (1.2.0)
  - mobile-ffmpeg-https (4.4)
  - nanopb (2.30908.0):
    - nanopb/decode (= 2.30908.0)
    - nanopb/encode (= 2.30908.0)
  - nanopb/decode (2.30908.0)
  - nanopb/encode (2.30908.0)
  - path_provider (0.0.1):
    - Flutter
  - "permission_handler (5.1.0+2)":
    - Flutter
  - PromisesObjC (2.0.0)
  - Toast (4.0.0)
  - video_player (0.0.1):
    - Flutter
  - video_thumbnail (0.0.1):
    - Flutter
    - libwebp
  - wakelock (0.0.1):
    - Flutter

DEPENDENCIES:
  - better_player (from `.symlinks/plugins/better_player/ios`)
  - Flutter (from `Flutter`)
  - flutter_ffmpeg (from `.symlinks/plugins/flutter_ffmpeg/ios`)
  - flutter_sim_country_code (from `.symlinks/plugins/flutter_sim_country_code/ios`)
  - fluttertoast (from `.symlinks/plugins/fluttertoast/ios`)
  - google_mobile_ads (from `.symlinks/plugins/google_mobile_ads/ios`)
  - libtdjson (from `.symlinks/plugins/libtdjson/ios`)
  - path_provider (from `.symlinks/plugins/path_provider/ios`)
  - permission_handler (from `.symlinks/plugins/permission_handler/ios`)
  - video_player (from `.symlinks/plugins/video_player/ios`)
  - video_thumbnail (from `.symlinks/plugins/video_thumbnail/ios`)
  - wakelock (from `.symlinks/plugins/wakelock/ios`)

SPEC REPOS:
  trunk:
    - CocoaAsyncSocket
    - flutter_libtdjson
    - Google-Mobile-Ads-SDK
    - GoogleAppMeasurement
    - GoogleUserMessagingPlatform
    - GoogleUtilities
    - KTVCocoaHTTPServer
    - KTVHTTPCache
    - libwebp
    - mobile-ffmpeg-https
    - nanopb
    - PromisesObjC
    - Toast

EXTERNAL SOURCES:
  better_player:
    :path: ".symlinks/plugins/better_player/ios"
  Flutter:
    :path: Flutter
  flutter_ffmpeg:
    :path: ".symlinks/plugins/flutter_ffmpeg/ios"
  flutter_sim_country_code:
    :path: ".symlinks/plugins/flutter_sim_country_code/ios"
  fluttertoast:
    :path: ".symlinks/plugins/fluttertoast/ios"
  google_mobile_ads:
    :path: ".symlinks/plugins/google_mobile_ads/ios"
  libtdjson:
    :path: ".symlinks/plugins/libtdjson/ios"
  path_provider:
    :path: ".symlinks/plugins/path_provider/ios"
  permission_handler:
    :path: ".symlinks/plugins/permission_handler/ios"
  video_player:
    :path: ".symlinks/plugins/video_player/ios"
  video_thumbnail:
    :path: ".symlinks/plugins/video_thumbnail/ios"
  wakelock:
    :path: ".symlinks/plugins/wakelock/ios"

SPEC CHECKSUMS:
  better_player: a4383402f457e53720525888c0fc5d337ef6ba11
  CocoaAsyncSocket: 065fd1e645c7abab64f7a6a2007a48038fdc6a99
  Flutter: 434fef37c0980e73bb6479ef766c45957d4b510c
  flutter_ffmpeg: 3ec3912c74649851e6c3b1885511eef78142ac4f
  flutter_libtdjson: 2c340a5df5557972e0cd1236419f4afcf4bb36ff
  flutter_sim_country_code: 364e91e71f067cdec1dd1228eb4d1f13ab1a54e5
  fluttertoast: 6122fa75143e992b1d3470f61000f591a798cc58
  Google-Mobile-Ads-SDK: 6f5c41bf73db1656e5b203ba9c31e3d0899a128d
  google_mobile_ads: b3a22ee82112a9f06eea4435c71a97d104e0d271
  GoogleAppMeasurement: 8d10c1c470fcb0e5143ed74fddd164f0a0384800
  GoogleUserMessagingPlatform: ab890ce5f6620f293a21b6bdd82e416a2c73aeca
  GoogleUtilities: eea970f4a389963963bffe8d8fabe43540678b9c
  KTVCocoaHTTPServer: df8d7b861e603ff8037e9b2138aca2563a6b768d
  KTVHTTPCache: 588c3eb16f6bd1e6fde1e230dabfb7bd4e490a4d
  libtdjson: 69e5721af890d1c9f68920e2921f844194829636
  libwebp: e90b9c01d99205d03b6bb8f2c8c415e5a4ef66f0
  mobile-ffmpeg-https: 311fc4a8f671cf36d1d6b8f421e8246b790978d9
  nanopb: a0ba3315591a9ae0a16a309ee504766e90db0c96
  path_provider: abfe2b5c733d04e238b0d8691db0cfd63a27a93c
  permission_handler: ccb20a9fad0ee9b1314a52b70b76b473c5f8dab0
  PromisesObjC: 68159ce6952d93e17b2dfe273b8c40907db5ba58
  Toast: 91b396c56ee72a5790816f40d3a94dd357abc196
  video_player: 9cc823b1d9da7e8427ee591e8438bfbcde500e6e
  video_thumbnail: c4e2a3c539e247d4de13cd545344fd2d26ffafd1
  wakelock: d0fc7c864128eac40eba1617cb5264d9c940b46f

PODFILE CHECKSUM: 7368163408c647b7eb699d0d788ba6718e18fb8d

COCOAPODS: 1.10.1
